// !$*UTF8*$!
{
	archiveVersion = 1;
	classes = {
	};
	objectVersion = 90;
	objects = {

/* Begin PBXBuildFile section */
		3032E4F32EAB5FA6005CA632 /* Metal.framework in Frameworks */ = {isa = PBXBuildFile; fileRef = 3032E4F22EAB5FA6005CA632 /* Metal.framework */; };
		3032E4F52EAB5FAD005CA632 /* UIKit.framework in Frameworks */ = {isa = PBXBuildFile; fileRef = 3032E4F42EAB5FAD005CA632 /* UIKit.framework */; };
/* End PBXBuildFile section */

/* Begin PBXFileReference section */
		3032E4F22EAB5FA6005CA632 /* Metal.framework */ = {isa = PBXFileReference; lastKnownFileType = wrapper.framework; name = Metal.framework; path = System/Library/Frameworks/Metal.framework; sourceTree = SDKROOT; };
		3032E4F42EAB5FAD005CA632 /* UIKit.framework */ = {isa = PBXFileReference; lastKnownFileType = wrapper.framework; name = UIKit.framework; path = System/Library/Frameworks/UIKit.framework; sourceTree = SDKROOT; };
		303C7B8E2EAA323400AF83BB /* SwiftGaussian.app */ = {isa = PBXFileReference; explicitFileType = wrapper.application; includeInIndex = 0; path = SwiftGaussian.app; sourceTree = BUILT_PRODUCTS_DIR; };
/* End PBXFileReference section */

/* Begin PBXFileSystemSynchronizedBuildFileExceptionSet section */
		303C7BA02EAA323600AF83BB /* Exceptions for "SwiftGaussian" folder in "SwiftGaussian" target */ = {
			isa = PBXFileSystemSynchronizedBuildFileExceptionSet;
			membershipExceptions = (
				Info.plist,
			);
			target = 303C7B8D2EAA323400AF83BB /* SwiftGaussian */;
		};
/* End PBXFileSystemSynchronizedBuildFileExceptionSet section */

/* Begin PBXFileSystemSynchronizedRootGroup section */
		303C7B902EAA323400AF83BB /* SwiftGaussian */ = {
			isa = PBXFileSystemSynchronizedRootGroup;
			exceptions = (
				303C7BA02EAA323600AF83BB /* Exceptions for "SwiftGaussian" folder in "SwiftGaussian" target */,
			);
			path = SwiftGaussian;
			sourceTree = "<group>";
		};
/* End PBXFileSystemSynchronizedRootGroup section */

/* Begin PBXFrameworksBuildPhase section */
		303C7B8B2EAA323400AF83BB /* Frameworks */ = {
			isa = PBXFrameworksBuildPhase;
			files = (
				3032E4F52EAB5FAD005CA632 /* UIKit.framework in Frameworks */,
				3032E4F32EAB5FA6005CA632 /* Metal.framework in Frameworks */,
			);
		};
/* End PBXFrameworksBuildPhase section */

/* Begin PBXGroup section */
		3032E4F12EAB5FA6005CA632 /* Frameworks */ = {
			isa = PBXGroup;
			children = (
				3032E4F42EAB5FAD005CA632 /* UIKit.framework */,
				3032E4F22EAB5FA6005CA632 /* Metal.framework */,
			);
			name = Frameworks;
			sourceTree = "<group>";
		};
		303C7B852EAA323400AF83BB = {
			isa = PBXGroup;
			children = (
				303C7B902EAA323400AF83BB /* SwiftGaussian */,
				3032E4F12EAB5FA6005CA632 /* Frameworks */,
				303C7B8F2EAA323400AF83BB /* Products */,
			);
			sourceTree = "<group>";
		};
		303C7B8F2EAA323400AF83BB /* Products */ = {
			isa = PBXGroup;
			children = (
				303C7B8E2EAA323400AF83BB /* SwiftGaussian.app */,
			);
			name = Products;
			sourceTree = "<group>";
		};
/* End PBXGroup section */

/* Begin PBXNativeTarget section */
		303C7B8D2EAA323400AF83BB /* SwiftGaussian */ = {
			isa = PBXNativeTarget;
			buildConfigurationList = 303C7BA12EAA323600AF83BB /* Build configuration list for PBXNativeTarget "SwiftGaussian" */;
			buildPhases = (
				303C7B8A2EAA323400AF83BB /* Sources */,
				303C7B8B2EAA323400AF83BB /* Frameworks */,
				303C7B8C2EAA323400AF83BB /* Resources */,
			);
			buildRules = (
			);
			fileSystemSynchronizedGroups = (
				303C7B902EAA323400AF83BB /* SwiftGaussian */,
			);
			name = SwiftGaussian;
			productName = SwiftGaussian;
			productReference = 303C7B8E2EAA323400AF83BB /* SwiftGaussian.app */;
			productType = "com.apple.product-type.application";
		};
/* End PBXNativeTarget section */

/* Begin PBXProject section */
		303C7B862EAA323400AF83BB /* Project object */ = {
			isa = PBXProject;
			attributes = {
				BuildIndependentTargetsInParallel = 1;
				LastSwiftUpdateCheck = 1640;
				LastUpgradeCheck = 1640;
				TargetAttributes = {
					303C7B8D2EAA323400AF83BB = {
						CreatedOnToolsVersion = 16.4;
					};
				};
			};
			buildConfigurationList = 303C7B892EAA323400AF83BB /* Build configuration list for PBXProject "SwiftGaussian" */;
			developmentRegion = en;
			hasScannedForEncodings = 0;
			knownRegions = (
				en,
				Base,
			);
			mainGroup = 303C7B852EAA323400AF83BB;
			minimizedProjectReferenceProxies = 1;
			preferredProjectObjectVersion = 90;
			productRefGroup = 303C7B8F2EAA323400AF83BB /* Products */;
			projectDirPath = "";
			projectRoot = "";
			targets = (
				303C7B8D2EAA323400AF83BB /* SwiftGaussian */,
			);
		};
/* End PBXProject section */

/* Begin PBXResourcesBuildPhase section */
		303C7B8C2EAA323400AF83BB /* Resources */ = {
			isa = PBXResourcesBuildPhase;
			files = (
			);
		};
/* End PBXResourcesBuildPhase section */

/* Begin PBXSourcesBuildPhase section */
		303C7B8A2EAA323400AF83BB /* Sources */ = {
			isa = PBXSourcesBuildPhase;
			files = (
			);
		};
/* End PBXSourcesBuildPhase section */

/* Begin XCBuildConfiguration section */
		303C7BA22EAA323600AF83BB /* Debug configuration for PBXNativeTarget "SwiftGaussian" */ = {
			isa = XCBuildConfiguration;
			buildSettings = {
				ALWAYS_SEARCH_USER_PATHS = NO;
				ASSETCATALOG_COMPILER_APPICON_NAME = AppIcon;
				ASSETCATALOG_COMPILER_GLOBAL_ACCENT_COLOR_NAME = AccentColor;
				CODE_SIGN_STYLE = Automatic;
				CURRENT_PROJECT_VERSION = 1;
				DEVELOPMENT_TEAM = V73SFGHUY6;
				ENABLE_MODULE_VERIFIER = NO;
				GCC_PREPROCESSOR_DEFINITIONS = (
					SOKOL_IMPL,
					SOKOL_METAL,
				);
				GENERATE_INFOPLIST_FILE = YES;
				HEADER_SEARCH_PATHS = (
					"\"$(SRCROOT)/SwiftGaussian/core\"/**",
					"\"$(SRCROOT)/SwiftGaussian/core/loader\"/**",
					"\"$(SRCROOT)/SwiftGaussian/core/rendering\"/**",
					"\"$(SRCROOT)/SwiftGaussian/core/utils\"/**",
					"\"$(SRCROOT)/SwiftGaussian/core/sokol\"/**",
				);
				INFOPLIST_FILE = SwiftGaussian/Info.plist;
				INFOPLIST_KEY_UIApplicationSupportsIndirectInputEvents = YES;
				INFOPLIST_KEY_UILaunchStoryboardName = LaunchScreen;
				INFOPLIST_KEY_UIMainStoryboardFile = Main;
				INFOPLIST_KEY_UISupportedInterfaceOrientations_iPad = "UIInterfaceOrientationPortrait UIInterfaceOrientationPortraitUpsideDown UIInterfaceOrientationLandscapeLeft UIInterfaceOrientationLandscapeRight";
				INFOPLIST_KEY_UISupportedInterfaceOrientations_iPhone = "UIInterfaceOrientationPortrait UIInterfaceOrientationLandscapeLeft UIInterfaceOrientationLandscapeRight";
				LD_RUNPATH_SEARCH_PATHS = (
					"$(inherited)",
					"@executable_path/Frameworks",
				);
				MARKETING_VERSION = 1.0;
				OTHER_CFLAGS = (
					"\"-DSOKOL_METAL -D_SAPP_APPLE\"",
					"\"-fobjc-arc -x objective-c\"",
				);
				OTHER_CPLUSPLUSFLAGS = (
					"$(OTHER_CFLAGS)",
					"-Wno-module-import-in-extern-c",
				);
				PRODUCT_BUNDLE_IDENTIFIER = com.avinash.SwiftGaussian;
				PRODUCT_NAME = "$(TARGET_NAME)";
				SWIFT_EMIT_LOC_STRINGS = YES;
				SWIFT_INCLUDE_PATHS = "\"$(SRCROOT)/SwiftGaussian/core\"/**";
				SWIFT_OBJC_INTEROP_MODE = objc;
				SWIFT_VERSION = 6.0;
				TARGETED_DEVICE_FAMILY = "1,2";
			};
			name = Debug;
		};
		303C7BA32EAA323600AF83BB /* Release configuration for PBXNativeTarget "SwiftGaussian" */ = {
			isa = XCBuildConfiguration;
			buildSettings = {
				ALWAYS_SEARCH_USER_PATHS = NO;
				ASSETCATALOG_COMPILER_APPICON_NAME = AppIcon;
				ASSETCATALOG_COMPILER_GLOBAL_ACCENT_COLOR_NAME = AccentColor;
				CODE_SIGN_STYLE = Automatic;
				CURRENT_PROJECT_VERSION = 1;
				DEVELOPMENT_TEAM = V73SFGHUY6;
				ENABLE_MODULE_VERIFIER = NO;
				GCC_OPTIMIZATION_LEVEL = 0;
				GCC_PREPROCESSOR_DEFINITIONS = (
					SOKOL_IMPL,
					SOKOL_METAL,
				);
				GENERATE_INFOPLIST_FILE = YES;
				HEADER_SEARCH_PATHS = (
					"\"$(SRCROOT)/SwiftGaussian/core\"/**",
					"\"$(SRCROOT)/SwiftGaussian/core/loader\"/**",
					"\"$(SRCROOT)/SwiftGaussian/core/rendering\"/**",
					"\"$(SRCROOT)/SwiftGaussian/core/utils\"/**",
					"\"$(SRCROOT)/SwiftGaussian/core/sokol\"/**",
				);
				INFOPLIST_FILE = SwiftGaussian/Info.plist;
				INFOPLIST_KEY_UIApplicationSupportsIndirectInputEvents = YES;
				INFOPLIST_KEY_UILaunchStoryboardName = LaunchScreen;
				INFOPLIST_KEY_UIMainStoryboardFile = Main;
				INFOPLIST_KEY_UISupportedInterfaceOrientations_iPad = "UIInterfaceOrientationPortrait UIInterfaceOrientationPortraitUpsideDown UIInterfaceOrientationLandscapeLeft UIInterfaceOrientationLandscapeRight";
				INFOPLIST_KEY_UISupportedInterfaceOrientations_iPhone = "UIInterfaceOrientationPortrait UIInterfaceOrientationLandscapeLeft UIInterfaceOrientationLandscapeRight";
				LD_RUNPATH_SEARCH_PATHS = (
					"$(inherited)",
					"@executable_path/Frameworks",
				);
				MARKETING_VERSION = 1.0;
				OTHER_CFLAGS = (
					"\"-DSOKOL_METAL -D_SAPP_APPLE\"",
					"\"-fobjc-arc -x objective-c\"",
				);
				OTHER_CPLUSPLUSFLAGS = (
					"$(OTHER_CFLAGS)",
					"-Wno-module-import-in-extern-c",
				);
				PRODUCT_BUNDLE_IDENTIFIER = com.avinash.SwiftGaussian;
				PRODUCT_NAME = "$(TARGET_NAME)";
				SWIFT_EMIT_LOC_STRINGS = YES;
				SWIFT_INCLUDE_PATHS = "\"$(SRCROOT)/SwiftGaussian/core\"/**";
				SWIFT_OBJC_INTEROP_MODE = objc;
				SWIFT_VERSION = 6.0;
				TARGETED_DEVICE_FAMILY = "1,2";
			};
			name = Release;
		};
		303C7BA42EAA323600AF83BB /* Debug configuration for PBXProject "SwiftGaussian" */ = {
			isa = XCBuildConfiguration;
			buildSettings = {
				ALWAYS_SEARCH_USER_PATHS = NO;
				ASSETCATALOG_COMPILER_GENERATE_SWIFT_ASSET_SYMBOL_EXTENSIONS = YES;
				CLANG_ANALYZER_NONNULL = YES;
				CLANG_ANALYZER_NUMBER_OBJECT_CONVERSION = YES_AGGRESSIVE;
				CLANG_CXX_LANGUAGE_STANDARD = "gnu++20";
				CLANG_ENABLE_MODULES = YES;
				CLANG_ENABLE_OBJC_ARC = YES;
				CLANG_ENABLE_OBJC_WEAK = YES;
				CLANG_WARN_BLOCK_CAPTURE_AUTORELEASING = YES;
				CLANG_WARN_BOOL_CONVERSION = YES;
				CLANG_WARN_COMMA = YES;
				CLANG_WARN_CONSTANT_CONVERSION = YES;
				CLANG_WARN_DEPRECATED_OBJC_IMPLEMENTATIONS = YES;
				CLANG_WARN_DIRECT_OBJC_ISA_USAGE = YES_ERROR;
				CLANG_WARN_DOCUMENTATION_COMMENTS = YES;
				CLANG_WARN_EMPTY_BODY = YES;
				CLANG_WARN_ENUM_CONVERSION = YES;
				CLANG_WARN_INFINITE_RECURSION = YES;
				CLANG_WARN_INT_CONVERSION = YES;
				CLANG_WARN_NON_LITERAL_NULL_CONVERSION = YES;
				CLANG_WARN_OBJC_IMPLICIT_RETAIN_SELF = YES;
				CLANG_WARN_OBJC_LITERAL_CONVERSION = YES;
				CLANG_WARN_OBJC_ROOT_CLASS = YES_ERROR;
				CLANG_WARN_QUOTED_INCLUDE_IN_FRAMEWORK_HEADER = YES;
				CLANG_WARN_RANGE_LOOP_ANALYSIS = YES;
				CLANG_WARN_STRICT_PROTOTYPES = YES;
				CLANG_WARN_SUSPICIOUS_MOVE = YES;
				CLANG_WARN_UNGUARDED_AVAILABILITY = YES_AGGRESSIVE;
				CLANG_WARN_UNREACHABLE_CODE = YES;
				CLANG_WARN__DUPLICATE_METHOD_MATCH = YES;
				COPY_PHASE_STRIP = NO;
				DEBUG_INFORMATION_FORMAT = dwarf;
				DEVELOPMENT_TEAM = V73SFGHUY6;
				ENABLE_STRICT_OBJC_MSGSEND = YES;
				ENABLE_TESTABILITY = YES;
				ENABLE_USER_SCRIPT_SANDBOXING = YES;
				GCC_C_LANGUAGE_STANDARD = gnu17;
				GCC_DYNAMIC_NO_PIC = NO;
				GCC_NO_COMMON_BLOCKS = YES;
				GCC_OPTIMIZATION_LEVEL = 0;
				GCC_PREPROCESSOR_DEFINITIONS = (
					"DEBUG=1",
					"$(inherited)",
				);
				GCC_WARN_64_TO_32_BIT_CONVERSION = YES;
				GCC_WARN_ABOUT_RETURN_TYPE = YES_ERROR;
				GCC_WARN_UNDECLARED_SELECTOR = YES;
				GCC_WARN_UNINITIALIZED_AUTOS = YES_AGGRESSIVE;
				GCC_WARN_UNUSED_FUNCTION = YES;
				GCC_WARN_UNUSED_VARIABLE = YES;
				IPHONEOS_DEPLOYMENT_TARGET = 18.5;
				LOCALIZATION_PREFERS_STRING_CATALOGS = YES;
				MTL_ENABLE_DEBUG_INFO = INCLUDE_SOURCE;
				MTL_FAST_MATH = YES;
				ONLY_ACTIVE_ARCH = YES;
				SDKROOT = iphoneos;
				SWIFT_ACTIVE_COMPILATION_CONDITIONS = "DEBUG $(inherited)";
				SWIFT_OPTIMIZATION_LEVEL = "-Onone";
			};
			name = Debug;
		};
		303C7BA52EAA323600AF83BB /* Release configuration for PBXProject "SwiftGaussian" */ = {
			isa = XCBuildConfiguration;
			buildSettings = {
				ALWAYS_SEARCH_USER_PATHS = NO;
				ASSETCATALOG_COMPILER_GENERATE_SWIFT_ASSET_SYMBOL_EXTENSIONS = YES;
				CLANG_ANALYZER_NONNULL = YES;
				CLANG_ANALYZER_NUMBER_OBJECT_CONVERSION = YES_AGGRESSIVE;
				CLANG_CXX_LANGUAGE_STANDARD = "gnu++20";
				CLANG_ENABLE_MODULES = YES;
				CLANG_ENABLE_OBJC_ARC = YES;
				CLANG_ENABLE_OBJC_WEAK = YES;
				CLANG_WARN_BLOCK_CAPTURE_AUTORELEASING = YES;
				CLANG_WARN_BOOL_CONVERSION = YES;
				CLANG_WARN_COMMA = YES;
				CLANG_WARN_CONSTANT_CONVERSION = YES;
				CLANG_WARN_DEPRECATED_OBJC_IMPLEMENTATIONS = YES;
				CLANG_WARN_DIRECT_OBJC_ISA_USAGE = YES_ERROR;
				CLANG_WARN_DOCUMENTATION_COMMENTS = YES;
				CLANG_WARN_EMPTY_BODY = YES;
				CLANG_WARN_ENUM_CONVERSION = YES;
				CLANG_WARN_INFINITE_RECURSION = YES;
				CLANG_WARN_INT_CONVERSION = YES;
				CLANG_WARN_NON_LITERAL_NULL_CONVERSION = YES;
				CLANG_WARN_OBJC_IMPLICIT_RETAIN_SELF = YES;
				CLANG_WARN_OBJC_LITERAL_CONVERSION = YES;
				CLANG_WARN_OBJC_ROOT_CLASS = YES_ERROR;
				CLANG_WARN_QUOTED_INCLUDE_IN_FRAMEWORK_HEADER = YES;
				CLANG_WARN_RANGE_LOOP_ANALYSIS = YES;
				CLANG_WARN_STRICT_PROTOTYPES = YES;
				CLANG_WARN_SUSPICIOUS_MOVE = YES;
				CLANG_WARN_UNGUARDED_AVAILABILITY = YES_AGGRESSIVE;
				CLANG_WARN_UNREACHABLE_CODE = YES;
				CLANG_WARN__DUPLICATE_METHOD_MATCH = YES;
				COPY_PHASE_STRIP = NO;
				DEBUG_INFORMATION_FORMAT = "dwarf-with-dsym";
				DEVELOPMENT_TEAM = V73SFGHUY6;
				ENABLE_NS_ASSERTIONS = NO;
				ENABLE_STRICT_OBJC_MSGSEND = YES;
				ENABLE_USER_SCRIPT_SANDBOXING = YES;
				GCC_C_LANGUAGE_STANDARD = gnu17;
				GCC_NO_COMMON_BLOCKS = YES;
				GCC_WARN_64_TO_32_BIT_CONVERSION = YES;
				GCC_WARN_ABOUT_RETURN_TYPE = YES_ERROR;
				GCC_WARN_UNDECLARED_SELECTOR = YES;
				GCC_WARN_UNINITIALIZED_AUTOS = YES_AGGRESSIVE;
				GCC_WARN_UNUSED_FUNCTION = YES;
				GCC_WARN_UNUSED_VARIABLE = YES;
				IPHONEOS_DEPLOYMENT_TARGET = 18.5;
				LOCALIZATION_PREFERS_STRING_CATALOGS = YES;
				MTL_ENABLE_DEBUG_INFO = NO;
				MTL_FAST_MATH = YES;
				SDKROOT = iphoneos;
				SWIFT_COMPILATION_MODE = wholemodule;
				VALIDATE_PRODUCT = YES;
			};
			name = Release;
		};
/* End XCBuildConfiguration section */

/* Begin XCConfigurationList section */
		303C7B892EAA323400AF83BB /* Build configuration list for PBXProject "SwiftGaussian" */ = {
			isa = XCConfigurationList;
			buildConfigurations = (
				303C7BA42EAA323600AF83BB /* Debug configuration for PBXProject "SwiftGaussian" */,
				303C7BA52EAA323600AF83BB /* Release configuration for PBXProject "SwiftGaussian" */,
			);
			defaultConfigurationName = Release;
		};
		303C7BA12EAA323600AF83BB /* Build configuration list for PBXNativeTarget "SwiftGaussian" */ = {
			isa = XCConfigurationList;
			buildConfigurations = (
				303C7BA22EAA323600AF83BB /* Debug configuration for PBXNativeTarget "SwiftGaussian" */,
				303C7BA32EAA323600AF83BB /* Release configuration for PBXNativeTarget "SwiftGaussian" */,
			);
			defaultConfigurationName = Release;
		};
/* End XCConfigurationList section */
	};
	rootObject = 303C7B862EAA323400AF83BB /* Project object */;
}
